// !$*UTF8*$!
{
	archiveVersion = 1;
	classes = {
	};
	objectVersion = 46;
	objects = {

/* Begin PBXBuildFile section */
		461F7A1C28D049F300F767FF /* AppDelegate.swift in Sources */ = {isa = PBXBuildFile; fileRef = 461F79F528D049F300F767FF /* AppDelegate.swift */; };
		461F7A1D28D049F300F767FF /* UIView.swift in Sources */ = {isa = PBXBuildFile; fileRef = 461F79F728D049F300F767FF /* UIView.swift */; };
		461F7A1E28D049F300F767FF /* Decimal.swift in Sources */ = {isa = PBXBuildFile; fileRef = 461F79F828D049F300F767FF /* Decimal.swift */; };
		461F7A1F28D049F300F767FF /* Notification.swift in Sources */ = {isa = PBXBuildFile; fileRef = 461F79F928D049F300F767FF /* Notification.swift */; };
		461F7A2028D049F300F767FF /* String.swift in Sources */ = {isa = PBXBuildFile; fileRef = 461F79FA28D049F300F767FF /* String.swift */; };
		461F7A2128D049F300F767FF /* UIButton.swift in Sources */ = {isa = PBXBuildFile; fileRef = 461F79FB28D049F300F767FF /* UIButton.swift */; };
		461F7A2228D049F300F767FF /* UIImageView.swift in Sources */ = {isa = PBXBuildFile; fileRef = 461F79FC28D049F300F767FF /* UIImageView.swift */; };
		461F7A2328D049F300F767FF /* UITextView.swift in Sources */ = {isa = PBXBuildFile; fileRef = 461F79FD28D049F300F767FF /* UITextView.swift */; };
		461F7A2428D049F300F767FF /* QRConnectViewController.swift in Sources */ = {isa = PBXBuildFile; fileRef = 461F7A0028D049F300F767FF /* QRConnectViewController.swift */; };
		461F7A2528D049F300F767FF /* QRConnectViewController+NotificationCenter.swift in Sources */ = {isa = PBXBuildFile; fileRef = 461F7A0128D049F300F767FF /* QRConnectViewController+NotificationCenter.swift */; };
		461F7A2628D049F300F767FF /* MainViewController+NotificationCenter.swift in Sources */ = {isa = PBXBuildFile; fileRef = 461F7A0328D049F300F767FF /* MainViewController+NotificationCenter.swift */; };
		461F7A2728D049F300F767FF /* MainViewController.swift in Sources */ = {isa = PBXBuildFile; fileRef = 461F7A0428D049F300F767FF /* MainViewController.swift */; };
		461F7A2828D049F300F767FF /* ConnectButtonView.swift in Sources */ = {isa = PBXBuildFile; fileRef = 461F7A0628D049F300F767FF /* ConnectButtonView.swift */; };
		461F7A2928D049F300F767FF /* BaseViewController.swift in Sources */ = {isa = PBXBuildFile; fileRef = 461F7A0828D049F300F767FF /* BaseViewController.swift */; };
		461F7A2A28D049F300F767FF /* BaseView.swift in Sources */ = {isa = PBXBuildFile; fileRef = 461F7A0928D049F300F767FF /* BaseView.swift */; };
		461F7A2B28D049F300F767FF /* BaseButton.swift in Sources */ = {isa = PBXBuildFile; fileRef = 461F7A0A28D049F300F767FF /* BaseButton.swift */; };
		461F7A2C28D049F300F767FF /* ABIHelper.swift in Sources */ = {isa = PBXBuildFile; fileRef = 461F7A0D28D049F300F767FF /* ABIHelper.swift */; };
		461F7A2D28D049F300F767FF /* QRHelper.swift in Sources */ = {isa = PBXBuildFile; fileRef = 461F7A0F28D049F300F767FF /* QRHelper.swift */; };
		461F7A2E28D049F300F767FF /* ConnectManager+ClientDelegate.swift in Sources */ = {isa = PBXBuildFile; fileRef = 461F7A1128D049F300F767FF /* ConnectManager+ClientDelegate.swift */; };
		461F7A2F28D049F300F767FF /* ConnectManager+Session.swift in Sources */ = {isa = PBXBuildFile; fileRef = 461F7A1228D049F300F767FF /* ConnectManager+Session.swift */; };
		461F7A3028D049F300F767FF /* ConnectManager+Log.swift in Sources */ = {isa = PBXBuildFile; fileRef = 461F7A1328D049F300F767FF /* ConnectManager+Log.swift */; };
		461F7A3128D049F300F767FF /* ConnectManager+Send.swift in Sources */ = {isa = PBXBuildFile; fileRef = 461F7A1428D049F300F767FF /* ConnectManager+Send.swift */; };
		461F7A3228D049F300F767FF /* ConnectManager.swift in Sources */ = {isa = PBXBuildFile; fileRef = 461F7A1528D049F300F767FF /* ConnectManager.swift */; };
		461F7A3328D049F300F767FF /* ConnectManager+Connect.swift in Sources */ = {isa = PBXBuildFile; fileRef = 461F7A1628D049F300F767FF /* ConnectManager+Connect.swift */; };
		461F7A3428D049F300F767FF /* Assets.xcassets in Resources */ = {isa = PBXBuildFile; fileRef = 461F7A1828D049F300F767FF /* Assets.xcassets */; };
		461F7A3528D049F300F767FF /* Launch Screen.storyboard in Resources */ = {isa = PBXBuildFile; fileRef = 461F7A1928D049F300F767FF /* Launch Screen.storyboard */; };
		61F5250D7D52FB89A68D402C /* Pods_NeopinConnect_Example.framework in Frameworks */ = {isa = PBXBuildFile; fileRef = DB15311AF1F0A3335E0E2CC0 /* Pods_NeopinConnect_Example.framework */; };
/* End PBXBuildFile section */

/* Begin PBXFileReference section */
		05A9D8C37B80AC3A3C81668D /* NeopinConnect.podspec */ = {isa = PBXFileReference; includeInIndex = 1; lastKnownFileType = text; name = NeopinConnect.podspec; path = ../NeopinConnect.podspec; sourceTree = "<group>"; };
		461F79F528D049F300F767FF /* AppDelegate.swift */ = {isa = PBXFileReference; fileEncoding = 4; lastKnownFileType = sourcecode.swift; path = AppDelegate.swift; sourceTree = "<group>"; };
		461F79F728D049F300F767FF /* UIView.swift */ = {isa = PBXFileReference; fileEncoding = 4; lastKnownFileType = sourcecode.swift; path = UIView.swift; sourceTree = "<group>"; };
		461F79F828D049F300F767FF /* Decimal.swift */ = {isa = PBXFileReference; fileEncoding = 4; lastKnownFileType = sourcecode.swift; path = Decimal.swift; sourceTree = "<group>"; };
		461F79F928D049F300F767FF /* Notification.swift */ = {isa = PBXFileReference; fileEncoding = 4; lastKnownFileType = sourcecode.swift; path = Notification.swift; sourceTree = "<group>"; };
		461F79FA28D049F300F767FF /* String.swift */ = {isa = PBXFileReference; fileEncoding = 4; lastKnownFileType = sourcecode.swift; path = String.swift; sourceTree = "<group>"; };
		461F79FB28D049F300F767FF /* UIButton.swift */ = {isa = PBXFileReference; fileEncoding = 4; lastKnownFileType = sourcecode.swift; path = UIButton.swift; sourceTree = "<group>"; };
		461F79FC28D049F300F767FF /* UIImageView.swift */ = {isa = PBXFileReference; fileEncoding = 4; lastKnownFileType = sourcecode.swift; path = UIImageView.swift; sourceTree = "<group>"; };
		461F79FD28D049F300F767FF /* UITextView.swift */ = {isa = PBXFileReference; fileEncoding = 4; lastKnownFileType = sourcecode.swift; path = UITextView.swift; sourceTree = "<group>"; };
		461F7A0028D049F300F767FF /* QRConnectViewController.swift */ = {isa = PBXFileReference; fileEncoding = 4; lastKnownFileType = sourcecode.swift; path = QRConnectViewController.swift; sourceTree = "<group>"; };
		461F7A0128D049F300F767FF /* QRConnectViewController+NotificationCenter.swift */ = {isa = PBXFileReference; fileEncoding = 4; lastKnownFileType = sourcecode.swift; path = "QRConnectViewController+NotificationCenter.swift"; sourceTree = "<group>"; };
		461F7A0328D049F300F767FF /* MainViewController+NotificationCenter.swift */ = {isa = PBXFileReference; fileEncoding = 4; lastKnownFileType = sourcecode.swift; path = "MainViewController+NotificationCenter.swift"; sourceTree = "<group>"; };
		461F7A0428D049F300F767FF /* MainViewController.swift */ = {isa = PBXFileReference; fileEncoding = 4; lastKnownFileType = sourcecode.swift; path = MainViewController.swift; sourceTree = "<group>"; };
		461F7A0628D049F300F767FF /* ConnectButtonView.swift */ = {isa = PBXFileReference; fileEncoding = 4; lastKnownFileType = sourcecode.swift; path = ConnectButtonView.swift; sourceTree = "<group>"; };
		461F7A0828D049F300F767FF /* BaseViewController.swift */ = {isa = PBXFileReference; fileEncoding = 4; lastKnownFileType = sourcecode.swift; path = BaseViewController.swift; sourceTree = "<group>"; };
		461F7A0928D049F300F767FF /* BaseView.swift */ = {isa = PBXFileReference; fileEncoding = 4; lastKnownFileType = sourcecode.swift; path = BaseView.swift; sourceTree = "<group>"; };
		461F7A0A28D049F300F767FF /* BaseButton.swift */ = {isa = PBXFileReference; fileEncoding = 4; lastKnownFileType = sourcecode.swift; path = BaseButton.swift; sourceTree = "<group>"; };
		461F7A0D28D049F300F767FF /* ABIHelper.swift */ = {isa = PBXFileReference; fileEncoding = 4; lastKnownFileType = sourcecode.swift; path = ABIHelper.swift; sourceTree = "<group>"; };
		461F7A0F28D049F300F767FF /* QRHelper.swift */ = {isa = PBXFileReference; fileEncoding = 4; lastKnownFileType = sourcecode.swift; path = QRHelper.swift; sourceTree = "<group>"; };
		461F7A1128D049F300F767FF /* ConnectManager+ClientDelegate.swift */ = {isa = PBXFileReference; fileEncoding = 4; lastKnownFileType = sourcecode.swift; path = "ConnectManager+ClientDelegate.swift"; sourceTree = "<group>"; };
		461F7A1228D049F300F767FF /* ConnectManager+Session.swift */ = {isa = PBXFileReference; fileEncoding = 4; lastKnownFileType = sourcecode.swift; path = "ConnectManager+Session.swift"; sourceTree = "<group>"; };
		461F7A1328D049F300F767FF /* ConnectManager+Log.swift */ = {isa = PBXFileReference; fileEncoding = 4; lastKnownFileType = sourcecode.swift; path = "ConnectManager+Log.swift"; sourceTree = "<group>"; };
		461F7A1428D049F300F767FF /* ConnectManager+Send.swift */ = {isa = PBXFileReference; fileEncoding = 4; lastKnownFileType = sourcecode.swift; path = "ConnectManager+Send.swift"; sourceTree = "<group>"; };
		461F7A1528D049F300F767FF /* ConnectManager.swift */ = {isa = PBXFileReference; fileEncoding = 4; lastKnownFileType = sourcecode.swift; path = ConnectManager.swift; sourceTree = "<group>"; };
		461F7A1628D049F300F767FF /* ConnectManager+Connect.swift */ = {isa = PBXFileReference; fileEncoding = 4; lastKnownFileType = sourcecode.swift; path = "ConnectManager+Connect.swift"; sourceTree = "<group>"; };
		461F7A1828D049F300F767FF /* Assets.xcassets */ = {isa = PBXFileReference; lastKnownFileType = folder.assetcatalog; path = Assets.xcassets; sourceTree = "<group>"; };
		461F7A1928D049F300F767FF /* Launch Screen.storyboard */ = {isa = PBXFileReference; fileEncoding = 4; lastKnownFileType = file.storyboard; path = "Launch Screen.storyboard"; sourceTree = "<group>"; };
		461F7A1B28D049F300F767FF /* Info.plist */ = {isa = PBXFileReference; fileEncoding = 4; lastKnownFileType = text.plist.xml; path = Info.plist; sourceTree = "<group>"; };
		607FACD01AFB9204008FA782 /* NeopinConnect_Example.app */ = {isa = PBXFileReference; explicitFileType = wrapper.application; includeInIndex = 0; path = NeopinConnect_Example.app; sourceTree = BUILT_PRODUCTS_DIR; };
		87406C178D0B003C73D4549A /* LICENSE */ = {isa = PBXFileReference; includeInIndex = 1; lastKnownFileType = text; name = LICENSE; path = ../LICENSE; sourceTree = "<group>"; };
		9EE054A8E0500F71B35E13D9 /* README.md */ = {isa = PBXFileReference; includeInIndex = 1; lastKnownFileType = net.daringfireball.markdown; name = README.md; path = ../README.md; sourceTree = "<group>"; };
		9FFCEF2EDB10488EC298BB99 /* Pods-NeopinConnect_Example.release.xcconfig */ = {isa = PBXFileReference; includeInIndex = 1; lastKnownFileType = text.xcconfig; name = "Pods-NeopinConnect_Example.release.xcconfig"; path = "Target Support Files/Pods-NeopinConnect_Example/Pods-NeopinConnect_Example.release.xcconfig"; sourceTree = "<group>"; };
		ADF95C45C0D895D615F54815 /* Pods-NeopinConnect_Tests.release.xcconfig */ = {isa = PBXFileReference; includeInIndex = 1; lastKnownFileType = text.xcconfig; name = "Pods-NeopinConnect_Tests.release.xcconfig"; path = "Target Support Files/Pods-NeopinConnect_Tests/Pods-NeopinConnect_Tests.release.xcconfig"; sourceTree = "<group>"; };
		BAD24307D13C5ED40F0E0405 /* Pods-NeopinConnect_Tests.debug.xcconfig */ = {isa = PBXFileReference; includeInIndex = 1; lastKnownFileType = text.xcconfig; name = "Pods-NeopinConnect_Tests.debug.xcconfig"; path = "Target Support Files/Pods-NeopinConnect_Tests/Pods-NeopinConnect_Tests.debug.xcconfig"; sourceTree = "<group>"; };
		DB15311AF1F0A3335E0E2CC0 /* Pods_NeopinConnect_Example.framework */ = {isa = PBXFileReference; explicitFileType = wrapper.framework; includeInIndex = 0; path = Pods_NeopinConnect_Example.framework; sourceTree = BUILT_PRODUCTS_DIR; };
		EDBC476C84337BBBBFFBAE63 /* Pods_NeopinConnect_Tests.framework */ = {isa = PBXFileReference; explicitFileType = wrapper.framework; includeInIndex = 0; path = Pods_NeopinConnect_Tests.framework; sourceTree = BUILT_PRODUCTS_DIR; };
		F1C1758027112702A7E8D2E7 /* Pods-NeopinConnect_Example.debug.xcconfig */ = {isa = PBXFileReference; includeInIndex = 1; lastKnownFileType = text.xcconfig; name = "Pods-NeopinConnect_Example.debug.xcconfig"; path = "Target Support Files/Pods-NeopinConnect_Example/Pods-NeopinConnect_Example.debug.xcconfig"; sourceTree = "<group>"; };
/* End PBXFileReference section */

/* Begin PBXFrameworksBuildPhase section */
		607FACCD1AFB9204008FA782 /* Frameworks */ = {
			isa = PBXFrameworksBuildPhase;
			buildActionMask = 2147483647;
			files = (
				61F5250D7D52FB89A68D402C /* Pods_NeopinConnect_Example.framework in Frameworks */,
			);
			runOnlyForDeploymentPostprocessing = 0;
		};
/* End PBXFrameworksBuildPhase section */

/* Begin PBXGroup section */
		461F79F328D049F300F767FF /* Sources */ = {
			isa = PBXGroup;
			children = (
				461F79F428D049F300F767FF /* App */,
				461F79F628D049F300F767FF /* Extensions */,
				461F79FE28D049F300F767FF /* Pages */,
				461F7A0B28D049F300F767FF /* Helper */,
			);
			path = Sources;
			sourceTree = "<group>";
		};
		461F79F428D049F300F767FF /* App */ = {
			isa = PBXGroup;
			children = (
				461F79F528D049F300F767FF /* AppDelegate.swift */,
			);
			path = App;
			sourceTree = "<group>";
		};
		461F79F628D049F300F767FF /* Extensions */ = {
			isa = PBXGroup;
			children = (
				461F79F728D049F300F767FF /* UIView.swift */,
				461F79F828D049F300F767FF /* Decimal.swift */,
				461F79F928D049F300F767FF /* Notification.swift */,
				461F79FA28D049F300F767FF /* String.swift */,
				461F79FB28D049F300F767FF /* UIButton.swift */,
				461F79FC28D049F300F767FF /* UIImageView.swift */,
				461F79FD28D049F300F767FF /* UITextView.swift */,
			);
			path = Extensions;
			sourceTree = "<group>";
		};
		461F79FE28D049F300F767FF /* Pages */ = {
			isa = PBXGroup;
			children = (
				461F79FF28D049F300F767FF /* QRConnect */,
				461F7A0228D049F300F767FF /* Main */,
				461F7A0728D049F300F767FF /* Base */,
			);
			path = Pages;
			sourceTree = "<group>";
		};
		461F79FF28D049F300F767FF /* QRConnect */ = {
			isa = PBXGroup;
			children = (
				461F7A0028D049F300F767FF /* QRConnectViewController.swift */,
				461F7A0128D049F300F767FF /* QRConnectViewController+NotificationCenter.swift */,
			);
			path = QRConnect;
			sourceTree = "<group>";
		};
		461F7A0228D049F300F767FF /* Main */ = {
			isa = PBXGroup;
			children = (
				461F7A0328D049F300F767FF /* MainViewController+NotificationCenter.swift */,
				461F7A0428D049F300F767FF /* MainViewController.swift */,
				461F7A0528D049F300F767FF /* View */,
			);
			path = Main;
			sourceTree = "<group>";
		};
		461F7A0528D049F300F767FF /* View */ = {
			isa = PBXGroup;
			children = (
				461F7A0628D049F300F767FF /* ConnectButtonView.swift */,
			);
			path = View;
			sourceTree = "<group>";
		};
		461F7A0728D049F300F767FF /* Base */ = {
			isa = PBXGroup;
			children = (
				461F7A0828D049F300F767FF /* BaseViewController.swift */,
				461F7A0928D049F300F767FF /* BaseView.swift */,
				461F7A0A28D049F300F767FF /* BaseButton.swift */,
			);
			path = Base;
			sourceTree = "<group>";
		};
		461F7A0B28D049F300F767FF /* Helper */ = {
			isa = PBXGroup;
			children = (
				461F7A0C28D049F300F767FF /* ABIHelper */,
				461F7A0E28D049F300F767FF /* QRHelper */,
				461F7A1028D049F300F767FF /* ConnectManager */,
			);
			path = Helper;
			sourceTree = "<group>";
		};
		461F7A0C28D049F300F767FF /* ABIHelper */ = {
			isa = PBXGroup;
			children = (
				461F7A0D28D049F300F767FF /* ABIHelper.swift */,
			);
			path = ABIHelper;
			sourceTree = "<group>";
		};
		461F7A0E28D049F300F767FF /* QRHelper */ = {
			isa = PBXGroup;
			children = (
				461F7A0F28D049F300F767FF /* QRHelper.swift */,
			);
			path = QRHelper;
			sourceTree = "<group>";
		};
		461F7A1028D049F300F767FF /* ConnectManager */ = {
			isa = PBXGroup;
			children = (
				461F7A1528D049F300F767FF /* ConnectManager.swift */,
				461F7A1128D049F300F767FF /* ConnectManager+ClientDelegate.swift */,
				461F7A1628D049F300F767FF /* ConnectManager+Connect.swift */,
				461F7A1328D049F300F767FF /* ConnectManager+Log.swift */,
				461F7A1428D049F300F767FF /* ConnectManager+Send.swift */,
				461F7A1228D049F300F767FF /* ConnectManager+Session.swift */,
			);
			path = ConnectManager;
			sourceTree = "<group>";
		};
		461F7A1728D049F300F767FF /* Resources */ = {
			isa = PBXGroup;
			children = (
				461F7A1828D049F300F767FF /* Assets.xcassets */,
				461F7A1928D049F300F767FF /* Launch Screen.storyboard */,
			);
			path = Resources;
			sourceTree = "<group>";
		};
		461F7A1A28D049F300F767FF /* Supporting Files */ = {
			isa = PBXGroup;
			children = (
				461F7A1B28D049F300F767FF /* Info.plist */,
			);
			path = "Supporting Files";
			sourceTree = "<group>";
		};
		607FACC71AFB9204008FA782 = {
			isa = PBXGroup;
			children = (
				607FACF51AFB993E008FA782 /* Podspec Metadata */,
				607FACD21AFB9204008FA782 /* Example for NeopinConnect */,
				607FACD11AFB9204008FA782 /* Products */,
				E8CDC7A4365387F43FBE7D15 /* Pods */,
				A27A4BBC003085C2315DD407 /* Frameworks */,
			);
			sourceTree = "<group>";
		};
		607FACD11AFB9204008FA782 /* Products */ = {
			isa = PBXGroup;
			children = (
				607FACD01AFB9204008FA782 /* NeopinConnect_Example.app */,
			);
			name = Products;
			sourceTree = "<group>";
		};
		607FACD21AFB9204008FA782 /* Example for NeopinConnect */ = {
			isa = PBXGroup;
			children = (
				461F7A1728D049F300F767FF /* Resources */,
				461F79F328D049F300F767FF /* Sources */,
				461F7A1A28D049F300F767FF /* Supporting Files */,
			);
			name = "Example for NeopinConnect";
			path = NeopinConnect;
			sourceTree = "<group>";
		};
		607FACF51AFB993E008FA782 /* Podspec Metadata */ = {
			isa = PBXGroup;
			children = (
				05A9D8C37B80AC3A3C81668D /* NeopinConnect.podspec */,
				9EE054A8E0500F71B35E13D9 /* README.md */,
				87406C178D0B003C73D4549A /* LICENSE */,
			);
			name = "Podspec Metadata";
			sourceTree = "<group>";
		};
		A27A4BBC003085C2315DD407 /* Frameworks */ = {
			isa = PBXGroup;
			children = (
				DB15311AF1F0A3335E0E2CC0 /* Pods_NeopinConnect_Example.framework */,
				EDBC476C84337BBBBFFBAE63 /* Pods_NeopinConnect_Tests.framework */,
			);
			name = Frameworks;
			sourceTree = "<group>";
		};
		E8CDC7A4365387F43FBE7D15 /* Pods */ = {
			isa = PBXGroup;
			children = (
				F1C1758027112702A7E8D2E7 /* Pods-NeopinConnect_Example.debug.xcconfig */,
				9FFCEF2EDB10488EC298BB99 /* Pods-NeopinConnect_Example.release.xcconfig */,
				BAD24307D13C5ED40F0E0405 /* Pods-NeopinConnect_Tests.debug.xcconfig */,
				ADF95C45C0D895D615F54815 /* Pods-NeopinConnect_Tests.release.xcconfig */,
			);
			path = Pods;
			sourceTree = "<group>";
		};
/* End PBXGroup section */

/* Begin PBXNativeTarget section */
		607FACCF1AFB9204008FA782 /* NeopinConnect_Example */ = {
			isa = PBXNativeTarget;
			buildConfigurationList = 607FACEF1AFB9204008FA782 /* Build configuration list for PBXNativeTarget "NeopinConnect_Example" */;
			buildPhases = (
				18ACAB85C423E8D3D1ECCDDC /* [CP] Check Pods Manifest.lock */,
				607FACCC1AFB9204008FA782 /* Sources */,
				607FACCD1AFB9204008FA782 /* Frameworks */,
				607FACCE1AFB9204008FA782 /* Resources */,
				340ACC56AE44E83B80EBFDAE /* [CP] Embed Pods Frameworks */,
			);
			buildRules = (
			);
			dependencies = (
			);
			name = NeopinConnect_Example;
			productName = NeopinConnect;
			productReference = 607FACD01AFB9204008FA782 /* NeopinConnect_Example.app */;
			productType = "com.apple.product-type.application";
		};
/* End PBXNativeTarget section */

/* Begin PBXProject section */
		607FACC81AFB9204008FA782 /* Project object */ = {
			isa = PBXProject;
			attributes = {
				LastSwiftUpdateCheck = 0830;
				LastUpgradeCheck = 0830;
				ORGANIZATIONNAME = CocoaPods;
				TargetAttributes = {
					607FACCF1AFB9204008FA782 = {
						CreatedOnToolsVersion = 6.3.1;
						DevelopmentTeam = K47L5ZLMT8;
						LastSwiftMigration = 0900;
					};
				};
			};
			buildConfigurationList = 607FACCB1AFB9204008FA782 /* Build configuration list for PBXProject "NeopinConnect" */;
			compatibilityVersion = "Xcode 3.2";
			developmentRegion = English;
			hasScannedForEncodings = 0;
			knownRegions = (
				English,
				en,
				Base,
			);
			mainGroup = 607FACC71AFB9204008FA782;
			productRefGroup = 607FACD11AFB9204008FA782 /* Products */;
			projectDirPath = "";
			projectRoot = "";
			targets = (
				607FACCF1AFB9204008FA782 /* NeopinConnect_Example */,
			);
		};
/* End PBXProject section */

/* Begin PBXResourcesBuildPhase section */
		607FACCE1AFB9204008FA782 /* Resources */ = {
			isa = PBXResourcesBuildPhase;
			buildActionMask = 2147483647;
			files = (
				461F7A3528D049F300F767FF /* Launch Screen.storyboard in Resources */,
				461F7A3428D049F300F767FF /* Assets.xcassets in Resources */,
			);
			runOnlyForDeploymentPostprocessing = 0;
		};
/* End PBXResourcesBuildPhase section */

/* Begin PBXShellScriptBuildPhase section */
		18ACAB85C423E8D3D1ECCDDC /* [CP] Check Pods Manifest.lock */ = {
			isa = PBXShellScriptBuildPhase;
			buildActionMask = 2147483647;
			files = (
			);
			inputFileListPaths = (
			);
			inputPaths = (
				"${PODS_PODFILE_DIR_PATH}/Podfile.lock",
				"${PODS_ROOT}/Manifest.lock",
			);
			name = "[CP] Check Pods Manifest.lock";
			outputFileListPaths = (
			);
			outputPaths = (
				"$(DERIVED_FILE_DIR)/Pods-NeopinConnect_Example-checkManifestLockResult.txt",
			);
			runOnlyForDeploymentPostprocessing = 0;
			shellPath = /bin/sh;
			shellScript = "diff \"${PODS_PODFILE_DIR_PATH}/Podfile.lock\" \"${PODS_ROOT}/Manifest.lock\" > /dev/null\nif [ $? != 0 ] ; then\n    # print error to STDERR\n    echo \"error: The sandbox is not in sync with the Podfile.lock. Run 'pod install' or update your CocoaPods installation.\" >&2\n    exit 1\nfi\n# This output is used by Xcode 'outputs' to avoid re-running this script phase.\necho \"SUCCESS\" > \"${SCRIPT_OUTPUT_FILE_0}\"\n";
			showEnvVarsInLog = 0;
		};
		340ACC56AE44E83B80EBFDAE /* [CP] Embed Pods Frameworks */ = {
			isa = PBXShellScriptBuildPhase;
			buildActionMask = 2147483647;
			files = (
			);
			inputPaths = (
				"${PODS_ROOT}/Target Support Files/Pods-NeopinConnect_Example/Pods-NeopinConnect_Example-frameworks.sh",
				"${BUILT_PRODUCTS_DIR}/BigInt/BigInt.framework",
				"${BUILT_PRODUCTS_DIR}/CryptoSwift/CryptoSwift.framework",
				"${BUILT_PRODUCTS_DIR}/NeopinConnect/NeopinConnect.framework",
				"${BUILT_PRODUCTS_DIR}/PromiseKit/PromiseKit.framework",
				"${BUILT_PRODUCTS_DIR}/SnapKit/SnapKit.framework",
				"${BUILT_PRODUCTS_DIR}/Starscream/Starscream.framework",
				"${BUILT_PRODUCTS_DIR}/secp256k1.c/secp256k1.framework",
				"${BUILT_PRODUCTS_DIR}/web3swift/web3swift.framework",
			);
			name = "[CP] Embed Pods Frameworks";
			outputPaths = (
				"${TARGET_BUILD_DIR}/${FRAMEWORKS_FOLDER_PATH}/BigInt.framework",
				"${TARGET_BUILD_DIR}/${FRAMEWORKS_FOLDER_PATH}/CryptoSwift.framework",
				"${TARGET_BUILD_DIR}/${FRAMEWORKS_FOLDER_PATH}/NeopinConnect.framework",
				"${TARGET_BUILD_DIR}/${FRAMEWORKS_FOLDER_PATH}/PromiseKit.framework",
				"${TARGET_BUILD_DIR}/${FRAMEWORKS_FOLDER_PATH}/SnapKit.framework",
				"${TARGET_BUILD_DIR}/${FRAMEWORKS_FOLDER_PATH}/Starscream.framework",
				"${TARGET_BUILD_DIR}/${FRAMEWORKS_FOLDER_PATH}/secp256k1.framework",
				"${TARGET_BUILD_DIR}/${FRAMEWORKS_FOLDER_PATH}/web3swift.framework",
			);
			runOnlyForDeploymentPostprocessing = 0;
			shellPath = /bin/sh;
			shellScript = "\"${PODS_ROOT}/Target Support Files/Pods-NeopinConnect_Example/Pods-NeopinConnect_Example-frameworks.sh\"\n";
			showEnvVarsInLog = 0;
		};
/* End PBXShellScriptBuildPhase section */

/* Begin PBXSourcesBuildPhase section */
		607FACCC1AFB9204008FA782 /* Sources */ = {
			isa = PBXSourcesBuildPhase;
			buildActionMask = 2147483647;
			files = (
				461F7A2528D049F300F767FF /* QRConnectViewController+NotificationCenter.swift in Sources */,
				461F7A3328D049F300F767FF /* ConnectManager+Connect.swift in Sources */,
				461F7A1F28D049F300F767FF /* Notification.swift in Sources */,
				461F7A3128D049F300F767FF /* ConnectManager+Send.swift in Sources */,
				461F7A2B28D049F300F767FF /* BaseButton.swift in Sources */,
				461F7A2328D049F300F767FF /* UITextView.swift in Sources */,
				461F7A2728D049F300F767FF /* MainViewController.swift in Sources */,
				461F7A2828D049F300F767FF /* ConnectButtonView.swift in Sources */,
				461F7A2D28D049F300F767FF /* QRHelper.swift in Sources */,
				461F7A2928D049F300F767FF /* BaseViewController.swift in Sources */,
				461F7A2428D049F300F767FF /* QRConnectViewController.swift in Sources */,
				461F7A1E28D049F300F767FF /* Decimal.swift in Sources */,
				461F7A2C28D049F300F767FF /* ABIHelper.swift in Sources */,
				461F7A3228D049F300F767FF /* ConnectManager.swift in Sources */,
				461F7A2F28D049F300F767FF /* ConnectManager+Session.swift in Sources */,
				461F7A2228D049F300F767FF /* UIImageView.swift in Sources */,
				461F7A2028D049F300F767FF /* String.swift in Sources */,
				461F7A1D28D049F300F767FF /* UIView.swift in Sources */,
				461F7A1C28D049F300F767FF /* AppDelegate.swift in Sources */,
				461F7A2A28D049F300F767FF /* BaseView.swift in Sources */,
				461F7A2128D049F300F767FF /* UIButton.swift in Sources */,
				461F7A3028D049F300F767FF /* ConnectManager+Log.swift in Sources */,
				461F7A2E28D049F300F767FF /* ConnectManager+ClientDelegate.swift in Sources */,
				461F7A2628D049F300F767FF /* MainViewController+NotificationCenter.swift in Sources */,
			);
			runOnlyForDeploymentPostprocessing = 0;
		};
/* End PBXSourcesBuildPhase section */

/* Begin XCBuildConfiguration section */
		607FACED1AFB9204008FA782 /* Debug */ = {
			isa = XCBuildConfiguration;
			buildSettings = {
				ALWAYS_SEARCH_USER_PATHS = NO;
				CLANG_CXX_LANGUAGE_STANDARD = "gnu++0x";
				CLANG_CXX_LIBRARY = "libc++";
				CLANG_ENABLE_MODULES = YES;
				CLANG_ENABLE_OBJC_ARC = YES;
				CLANG_WARN_BLOCK_CAPTURE_AUTORELEASING = YES;
				CLANG_WARN_BOOL_CONVERSION = YES;
				CLANG_WARN_COMMA = YES;
				CLANG_WARN_CONSTANT_CONVERSION = YES;
				CLANG_WARN_DIRECT_OBJC_ISA_USAGE = YES_ERROR;
				CLANG_WARN_EMPTY_BODY = YES;
				CLANG_WARN_ENUM_CONVERSION = YES;
				CLANG_WARN_INFINITE_RECURSION = YES;
				CLANG_WARN_INT_CONVERSION = YES;
				CLANG_WARN_NON_LITERAL_NULL_CONVERSION = YES;
				CLANG_WARN_OBJC_LITERAL_CONVERSION = YES;
				CLANG_WARN_OBJC_ROOT_CLASS = YES_ERROR;
				CLANG_WARN_RANGE_LOOP_ANALYSIS = YES;
				CLANG_WARN_STRICT_PROTOTYPES = YES;
				CLANG_WARN_SUSPICIOUS_MOVE = YES;
				CLANG_WARN_UNREACHABLE_CODE = YES;
				CLANG_WARN__DUPLICATE_METHOD_MATCH = YES;
				"CODE_SIGN_IDENTITY[sdk=iphoneos*]" = "iPhone Developer";
				COPY_PHASE_STRIP = NO;
				DEBUG_INFORMATION_FORMAT = "dwarf-with-dsym";
				ENABLE_STRICT_OBJC_MSGSEND = YES;
				ENABLE_TESTABILITY = YES;
				GCC_C_LANGUAGE_STANDARD = gnu99;
				GCC_DYNAMIC_NO_PIC = NO;
				GCC_NO_COMMON_BLOCKS = YES;
				GCC_OPTIMIZATION_LEVEL = 0;
				GCC_PREPROCESSOR_DEFINITIONS = (
					"DEBUG=1",
					"$(inherited)",
				);
				GCC_SYMBOLS_PRIVATE_EXTERN = NO;
				GCC_WARN_64_TO_32_BIT_CONVERSION = YES;
				GCC_WARN_ABOUT_RETURN_TYPE = YES_ERROR;
				GCC_WARN_UNDECLARED_SELECTOR = YES;
				GCC_WARN_UNINITIALIZED_AUTOS = YES_AGGRESSIVE;
				GCC_WARN_UNUSED_FUNCTION = YES;
				GCC_WARN_UNUSED_VARIABLE = YES;
				IPHONEOS_DEPLOYMENT_TARGET = 13.0;
				MTL_ENABLE_DEBUG_INFO = YES;
				ONLY_ACTIVE_ARCH = YES;
				SDKROOT = iphoneos;
				SWIFT_OPTIMIZATION_LEVEL = "-Onone";
			};
			name = Debug;
		};
		607FACEE1AFB9204008FA782 /* Release */ = {
			isa = XCBuildConfiguration;
			buildSettings = {
				ALWAYS_SEARCH_USER_PATHS = NO;
				CLANG_CXX_LANGUAGE_STANDARD = "gnu++0x";
				CLANG_CXX_LIBRARY = "libc++";
				CLANG_ENABLE_MODULES = YES;
				CLANG_ENABLE_OBJC_ARC = YES;
				CLANG_WARN_BLOCK_CAPTURE_AUTORELEASING = YES;
				CLANG_WARN_BOOL_CONVERSION = YES;
				CLANG_WARN_COMMA = YES;
				CLANG_WARN_CONSTANT_CONVERSION = YES;
				CLANG_WARN_DIRECT_OBJC_ISA_USAGE = YES_ERROR;
				CLANG_WARN_EMPTY_BODY = YES;
				CLANG_WARN_ENUM_CONVERSION = YES;
				CLANG_WARN_INFINITE_RECURSION = YES;
				CLANG_WARN_INT_CONVERSION = YES;
				CLANG_WARN_NON_LITERAL_NULL_CONVERSION = YES;
				CLANG_WARN_OBJC_LITERAL_CONVERSION = YES;
				CLANG_WARN_OBJC_ROOT_CLASS = YES_ERROR;
				CLANG_WARN_RANGE_LOOP_ANALYSIS = YES;
				CLANG_WARN_STRICT_PROTOTYPES = YES;
				CLANG_WARN_SUSPICIOUS_MOVE = YES;
				CLANG_WARN_UNREACHABLE_CODE = YES;
				CLANG_WARN__DUPLICATE_METHOD_MATCH = YES;
				"CODE_SIGN_IDENTITY[sdk=iphoneos*]" = "iPhone Developer";
				COPY_PHASE_STRIP = NO;
				DEBUG_INFORMATION_FORMAT = "dwarf-with-dsym";
				ENABLE_NS_ASSERTIONS = NO;
				ENABLE_STRICT_OBJC_MSGSEND = YES;
				GCC_C_LANGUAGE_STANDARD = gnu99;
				GCC_NO_COMMON_BLOCKS = YES;
				GCC_WARN_64_TO_32_BIT_CONVERSION = YES;
				GCC_WARN_ABOUT_RETURN_TYPE = YES_ERROR;
				GCC_WARN_UNDECLARED_SELECTOR = YES;
				GCC_WARN_UNINITIALIZED_AUTOS = YES_AGGRESSIVE;
				GCC_WARN_UNUSED_FUNCTION = YES;
				GCC_WARN_UNUSED_VARIABLE = YES;
				IPHONEOS_DEPLOYMENT_TARGET = 13.0;
				MTL_ENABLE_DEBUG_INFO = NO;
				SDKROOT = iphoneos;
				SWIFT_OPTIMIZATION_LEVEL = "-Owholemodule";
				VALIDATE_PRODUCT = YES;
			};
			name = Release;
		};
		607FACF01AFB9204008FA782 /* Debug */ = {
			isa = XCBuildConfiguration;
			baseConfigurationReference = F1C1758027112702A7E8D2E7 /* Pods-NeopinConnect_Example.debug.xcconfig */;
			buildSettings = {
				ASSETCATALOG_COMPILER_APPICON_NAME = AppIcon;
				CURRENT_PROJECT_VERSION = 1;
				DEVELOPMENT_TEAM = K47L5ZLMT8;
				INFOPLIST_FILE = "NeopinConnect/Supporting Files/Info.plist";
				LD_RUNPATH_SEARCH_PATHS = "$(inherited) @executable_path/Frameworks";
				MARKETING_VERSION = 0.1.0;
				MODULE_NAME = ExampleApp;
				PRODUCT_BUNDLE_IDENTIFIER = com.neopin.connect.sample.dapp;
				PRODUCT_NAME = "$(TARGET_NAME)";
				SWIFT_SWIFT3_OBJC_INFERENCE = Default;
				SWIFT_VERSION = 5.0;
			};
			name = Debug;
		};
		607FACF11AFB9204008FA782 /* Release */ = {
			isa = XCBuildConfiguration;
			baseConfigurationReference = 9FFCEF2EDB10488EC298BB99 /* Pods-NeopinConnect_Example.release.xcconfig */;
			buildSettings = {
				ASSETCATALOG_COMPILER_APPICON_NAME = AppIcon;
				CURRENT_PROJECT_VERSION = 1;
				DEVELOPMENT_TEAM = K47L5ZLMT8;
				INFOPLIST_FILE = "NeopinConnect/Supporting Files/Info.plist";
				LD_RUNPATH_SEARCH_PATHS = "$(inherited) @executable_path/Frameworks";
				MARKETING_VERSION = 0.1.0;
				MODULE_NAME = ExampleApp;
				PRODUCT_BUNDLE_IDENTIFIER = com.neopin.connect.sample.dapp;
				PRODUCT_NAME = "$(TARGET_NAME)";
				SWIFT_SWIFT3_OBJC_INFERENCE = Default;
				SWIFT_VERSION = 5.0;
			};
			name = Release;
		};
/* End XCBuildConfiguration section */

/* Begin XCConfigurationList section */
		607FACCB1AFB9204008FA782 /* Build configuration list for PBXProject "NeopinConnect" */ = {
			isa = XCConfigurationList;
			buildConfigurations = (
				607FACED1AFB9204008FA782 /* Debug */,
				607FACEE1AFB9204008FA782 /* Release */,
			);
			defaultConfigurationIsVisible = 0;
			defaultConfigurationName = Release;
		};
		607FACEF1AFB9204008FA782 /* Build configuration list for PBXNativeTarget "NeopinConnect_Example" */ = {
			isa = XCConfigurationList;
			buildConfigurations = (
				607FACF01AFB9204008FA782 /* Debug */,
				607FACF11AFB9204008FA782 /* Release */,
			);
			defaultConfigurationIsVisible = 0;
			defaultConfigurationName = Release;
		};
/* End XCConfigurationList section */
	};
	rootObject = 607FACC81AFB9204008FA782 /* Project object */;
}
